{
  "name": "mobx-jsx",
  "version": "0.0.1",
  "lockfileVersion": 1,
  "requires": true,
  "dependencies": {
    "@babel/helper-plugin-utils": {
      "version": "7.0.0-beta.54",
      "resolved": "https://registry.npmjs.org/@babel/helper-plugin-utils/-/helper-plugin-utils-7.0.0-beta.54.tgz",
      "integrity": "sha1-YdKpoPmj4xg4pFjeu57r173SSbQ="
    },
    "@babel/plugin-syntax-jsx": {
      "version": "7.0.0-beta.54",
      "resolved": "https://registry.npmjs.org/@babel/plugin-syntax-jsx/-/plugin-syntax-jsx-7.0.0-beta.54.tgz",
      "integrity": "sha1-cRca7pArlMzy4iqBDRQmtRZbjYQ=",
      "requires": {
        "@babel/helper-plugin-utils": "7.0.0-beta.54"
      }
    },
    "@types/estree": {
      "version": "0.0.38",
      "resolved": "https://registry.npmjs.org/@types/estree/-/estree-0.0.38.tgz",
      "integrity": "sha512-F/v7t1LwS4vnXuPooJQGBRKRGIoxWUTmA4VHfqjOccFsNDThD5bfUNpITive6s352O7o384wcpEaDV8rHCehDA==",
      "dev": true
    },
    "@types/node": {
      "version": "10.5.3",
      "resolved": "https://registry.npmjs.org/@types/node/-/node-10.5.3.tgz",
      "integrity": "sha512-jQ1p+SyF/z8ygPxfSPKZKMWazlCgTBSyIaC1UCUvkLHDdxdmPQtQFk02X4WFM31Z1BKMAS3MSAK0cRP2c92n6Q==",
      "dev": true
    },
    "babel-plugin-jsx-dom-expressions": {
      "version": "0.0.23",
      "resolved": "https://registry.npmjs.org/babel-plugin-jsx-dom-expressions/-/babel-plugin-jsx-dom-expressions-0.0.23.tgz",
      "integrity": "sha512-P01NydupRYF9wRtm6taCs8LDOwl3LUdHjQa74S7yhPjeODQ6vUC7/eBsLxGMGLSHHpK7erBG5f0yHoJsv7Bk0g==",
      "requires": {
        "@babel/plugin-syntax-jsx": "^7.0.0-beta.49"
      }
    },
    "builtin-modules": {
      "version": "2.0.0",
      "resolved": "https://registry.npmjs.org/builtin-modules/-/builtin-modules-2.0.0.tgz",
      "integrity": "sha512-3U5kUA5VPsRUA3nofm/BXX7GVHKfxz0hOBAPxXrIvHzlDRkQVqEn6yi8QJegxl4LzOHLdvb7XF5dVawa/VVYBg==",
      "dev": true
    },
    "is-module": {
      "version": "1.0.0",
      "resolved": "https://registry.npmjs.org/is-module/-/is-module-1.0.0.tgz",
      "integrity": "sha1-Mlj7afeMFNW4FdZkM2tM/7ZEFZE=",
      "dev": true
    },
    "mobx": {
      "version": "5.0.3",
      "resolved": "https://registry.npmjs.org/mobx/-/mobx-5.0.3.tgz",
      "integrity": "sha1-U7l/Kg+bDdd3TJYkn4G/LVE9jhw=",
      "dev": true
    },
    "path-parse": {
      "version": "1.0.5",
      "resolved": "https://registry.npmjs.org/path-parse/-/path-parse-1.0.5.tgz",
      "integrity": "sha1-PBrfhx6pzWyUMbbqK9dKD/BVxME=",
      "dev": true
    },
    "resolve": {
      "version": "1.8.1",
      "resolved": "https://registry.npmjs.org/resolve/-/resolve-1.8.1.tgz",
      "integrity": "sha512-AicPrAC7Qu1JxPCZ9ZgCZlY35QgFnNqc+0LtbRNxnVw4TXvjQ72wnuL9JQcEBgXkI9JM8MsT9kaQoHcpCRJOYA==",
      "dev": true,
      "requires": {
        "path-parse": "^1.0.5"
      }
    },
    "rollup": {
      "version": "0.58.2",
      "resolved": "https://registry.npmjs.org/rollup/-/rollup-0.58.2.tgz",
      "integrity": "sha512-RZVvCWm9BHOYloaE6LLiE/ibpjv1CmI8F8k0B0Cp+q1eezo3cswszJH1DN0djgzSlo0hjuuCmyeI+1XOYLl4wg==",
      "dev": true,
      "requires": {
        "@types/estree": "0.0.38",
        "@types/node": "*"
      }
    },
    "rollup-plugin-node-resolve": {
      "version": "3.3.0",
      "resolved": "https://registry.npmjs.org/rollup-plugin-node-resolve/-/rollup-plugin-node-resolve-3.3.0.tgz",
      "integrity": "sha512-9zHGr3oUJq6G+X0oRMYlzid9fXicBdiydhwGChdyeNRGPcN/majtegApRKHLR5drboUvEWU+QeUmGTyEZQs3WA==",
      "dev": true,
      "requires": {
        "builtin-modules": "^2.0.0",
        "is-module": "^1.0.0",
        "resolve": "^1.1.6"
      }
    }
  }
}
