{
  "name": "mobx-jsx",
  "version": "0.0.7",
  "lockfileVersion": 1,
  "requires": true,
  "dependencies": {
    "@types/estree": {
      "version": "0.0.39",
      "resolved": "https://registry.npmjs.org/@types/estree/-/estree-0.0.39.tgz",
      "integrity": "sha512-EYNwp3bU+98cpU4lAWYYL7Zz+2gryWH1qbdDTidVd6hkiR6weksdbMadyXKXNPEkQFhXM+hVO9ZygomHXp+AIw==",
      "dev": true
    },
    "@types/node": {
      "version": "10.12.9",
      "resolved": "https://registry.npmjs.org/@types/node/-/node-10.12.9.tgz",
      "integrity": "sha512-eajkMXG812/w3w4a1OcBlaTwsFPO5F7fJ/amy+tieQxEMWBlbV1JGSjkFM+zkHNf81Cad+dfIRA+IBkvmvdAeA==",
      "dev": true
    },
    "builtin-modules": {
      "version": "2.0.0",
      "resolved": "https://registry.npmjs.org/builtin-modules/-/builtin-modules-2.0.0.tgz",
      "integrity": "sha512-3U5kUA5VPsRUA3nofm/BXX7GVHKfxz0hOBAPxXrIvHzlDRkQVqEn6yi8QJegxl4LzOHLdvb7XF5dVawa/VVYBg==",
      "dev": true
    },
    "is-module": {
      "version": "1.0.0",
      "resolved": "https://registry.npmjs.org/is-module/-/is-module-1.0.0.tgz",
      "integrity": "sha1-Mlj7afeMFNW4FdZkM2tM/7ZEFZE=",
      "dev": true
    },
    "mobx": {
      "version": "5.6.0",
      "resolved": "https://registry.npmjs.org/mobx/-/mobx-5.6.0.tgz",
      "integrity": "sha512-xrA0tBnSMANXCDjS2W/6YTasesA8mkg9o+v/Bw/OcbXaRVE6/soVwDMWIh7A6TwMDY4tYQprQJZ5WQN1TRSb3A==",
      "dev": true
    },
    "path-parse": {
      "version": "1.0.6",
      "resolved": "https://registry.npmjs.org/path-parse/-/path-parse-1.0.6.tgz",
      "integrity": "sha512-GSmOT2EbHrINBf9SR7CDELwlJ8AENk3Qn7OikK4nFYAu3Ote2+JYNVvkpAEQm3/TLNEJFD/xZJjzyxg3KBWOzw==",
      "dev": true
    },
    "resolve": {
      "version": "1.8.1",
      "resolved": "https://registry.npmjs.org/resolve/-/resolve-1.8.1.tgz",
      "integrity": "sha512-AicPrAC7Qu1JxPCZ9ZgCZlY35QgFnNqc+0LtbRNxnVw4TXvjQ72wnuL9JQcEBgXkI9JM8MsT9kaQoHcpCRJOYA==",
      "dev": true,
      "requires": {
        "path-parse": "^1.0.5"
      }
    },
    "rollup": {
      "version": "0.67.3",
      "resolved": "https://registry.npmjs.org/rollup/-/rollup-0.67.3.tgz",
      "integrity": "sha512-TyNQCz97rKuVVbsKUTXfwIjV7UljWyTVd7cTMuE+aqlQ7WJslkYF5QaYGjMLR2BlQtUOO5CAxSVnpQ55iYp5jg==",
      "dev": true,
      "requires": {
        "@types/estree": "0.0.39",
        "@types/node": "*"
      }
    },
    "rollup-plugin-node-resolve": {
      "version": "3.4.0",
      "resolved": "https://registry.npmjs.org/rollup-plugin-node-resolve/-/rollup-plugin-node-resolve-3.4.0.tgz",
      "integrity": "sha512-PJcd85dxfSBWih84ozRtBkB731OjXk0KnzN0oGp7WOWcarAFkVa71cV5hTJg2qpVsV2U8EUwrzHP3tvy9vS3qg==",
      "dev": true,
      "requires": {
        "builtin-modules": "^2.0.0",
        "is-module": "^1.0.0",
        "resolve": "^1.1.6"
      }
    }
  }
}
